<?xml version="1.0" encoding="utf-8"?>
<Project ToolsVersion="4.0" xmlns="http://schemas.microsoft.com/developer/msbuild/2003">
  <ItemGroup>
    <ClCompile Include="gui.cpp" />
    <ClCompile Include="main.cpp" />
    <ClCompile Include="cpuSim.cpp" />
  </ItemGroup>
  <ItemGroup>
    <Filter Include="cuda_helpers">
      <UniqueIdentifier>{3fc65144-0dcb-4f32-83c2-2db5fe26de61}</UniqueIdentifier>
    </Filter>
  </ItemGroup>
  <ItemGroup>
    <ClInclude Include="gui.h" />
    <ClInclude Include="stb_image.h" />
    <ClInclude Include="simulation.h" />
  </ItemGroup>
  <ItemGroup>
    <CudaCompile Include="kernel.cu" />
  </ItemGroup>
  <ItemGroup>
    <None Include="packages.config" />
  </ItemGroup>
</Project>